{
    "name": "post-deploy",
    "version": "0.0.0",
    "lockfileVersion": 3,
    "requires": true,
    "packages": {
        "": {
            "name": "post-deploy",
            "version": "0.0.0",
            "license": "UNLICENSED",
            "dependencies": {
                "@mcma/client": "0.16.3-beta11",
                "@mcma/core": "0.16.3-beta11"
            },
            "devDependencies": {
                "@types/node": "^18.15.10"
            }
        },
        "node_modules/@mcma/client": {
            "version": "0.16.3-beta11",
            "resolved": "http://localhost:4873/@mcma%2fclient/-/client-0.16.3-beta11.tgz",
            "integrity": "sha512-kPEi26/PTTz1aTpich2v591brbm7A7oic5rlK2321Ams6fSQ++N0yvz7MYtLWVGI6jYoVH3O6qxjtEFMt33LSg==",
            "license": "Apache-2.0",
            "dependencies": {
                "axios": "^0.24.0"
            },
            "engines": {
                "node": "^18.0.0"
            },
            "peerDependencies": {
                "@mcma/core": "0.16.3-beta11",
                "@mcma/secrets": "0.16.3-beta11"
            }
        },
        "node_modules/@mcma/core": {
            "version": "0.16.3-beta11",
            "resolved": "http://localhost:4873/@mcma%2fcore/-/core-0.16.3-beta11.tgz",
            "integrity": "sha512-p/oY1HoFSnShg8FKbhI7kTJdc/B479ngQOBh74KmZEkGIvS8gIxIbbNYUi27AqJv9c0GoHhU14GASQYNqCxdHw==",
            "license": "Apache-2.0",
            "dependencies": {
                "uuid": "^9.0.0"
            },
            "engines": {
                "node": "^18.0.0"
            }
        },
        "node_modules/@mcma/secrets": {
            "version": "0.16.3-beta11",
            "resolved": "http://localhost:4873/@mcma%2fsecrets/-/secrets-0.16.3-beta11.tgz",
            "integrity": "sha512-clqWDQy7qnBD8vvf62BcgIywewgcivon3lBlUap9LCRmY8gVF1XQpN2I9GbS6MSmnALup3nJzGRS/wok7fB2iw==",
            "license": "Apache-2.0",
            "peer": true,
            "engines": {
                "node": "^18.0.0"
            }
        },
        "node_modules/@types/node": {
            "version": "18.17.4",
            "resolved": "http://localhost:4873/@types%2fnode/-/node-18.17.4.tgz",
            "integrity": "sha512-ATL4WLgr7/W40+Sp1WnNTSKbgVn6Pvhc/2RHAdt8fl6NsQyp4oPCi2eKcGOvA494bwf1K/W6nGgZ9TwDqvpjdw==",
            "dev": true,
            "license": "MIT"
        },
        "node_modules/axios": {
            "version": "0.24.0",
            "resolved": "http://localhost:4873/axios/-/axios-0.24.0.tgz",
            "integrity": "sha512-Q6cWsys88HoPgAaFAVUb0WpPk0O8iTeisR9IMqy9G8AbO4NlpVknrnQS03zzF9PGAWgO3cgletO3VjV/P7VztA==",
            "license": "MIT",
            "dependencies": {
                "follow-redirects": "^1.14.4"
            }
        },
        "node_modules/follow-redirects": {
            "version": "1.15.2",
            "resolved": "http://localhost:4873/follow-redirects/-/follow-redirects-1.15.2.tgz",
            "integrity": "sha512-VQLG33o04KaQ8uYi2tVNbdrWp1QWxNNea+nmIB4EVM28v0hmP17z7aG1+wAkNzVq4KeXTq3221ye5qTJP91JwA==",
            "funding": [
                {
                    "type": "individual",
                    "url": "https://github.com/sponsors/RubenVerborgh"
                }
            ],
            "license": "MIT",
            "engines": {
                "node": ">=4.0"
            },
            "peerDependenciesMeta": {
                "debug": {
                    "optional": true
                }
            }
        },
        "node_modules/uuid": {
            "version": "9.0.0",
            "resolved": "http://localhost:4873/uuid/-/uuid-9.0.0.tgz",
            "integrity": "sha512-MXcSTerfPa4uqyzStbRoTgt5XIe3x5+42+q1sDuy3R5MDk66URdLMOZe5aPX/SQd+kuYAh0FdP/pO28IkQyTeg==",
            "license": "MIT",
            "bin": {
                "uuid": "dist/bin/uuid"
            }
        }
    }
}
